dependencies:
- name: memcached
  repository: oci://registry-1.docker.io/bitnamicharts
  version: 7.5.2
- name: redis
  repository: oci://registry-1.docker.io/bitnamicharts
  version: 17.11.3
- name: kafka
  repository: oci://registry-1.docker.io/bitnamicharts
  version: 29.3.14
- name: clickhouse
  repository: oci://registry-1.docker.io/bitnamicharts
  version: 9.3.9
- name: rabbitmq
  repository: oci://registry-1.docker.io/bitnamicharts
  version: 11.16.2
- name: postgresql
  repository: oci://registry-1.docker.io/bitnamicharts
  version: 12.5.1
- name: nginx
  repository: oci://registry-1.docker.io/bitnamicharts
  version: 18.2.5
digest: sha256:02294d4beb13c3545c2de218f9cdadeaed9dc520a35e7c53ddcfe6cec8320129
generated: "2025-07-14T16:38:18.85587007+02:00"
